
Microsoft Visual Studio Solution File, Format Version 12.00
# Visual Studio 15
VisualStudioVersion = 15.0.27703.2042
MinimumVisualStudioVersion = 10.0.40219.1
Project("{FAE04EC0-301F-11D3-BF4B-00C04F79EFBC}") = "Programmeren 2", "Week 2\Programmeren 2.csproj", "{0D164411-70DE-40E6-8618-A5422F598710}"
EndProject
Global
	GlobalSection(SolutionConfigurationPlatforms) = preSolution
		Debug|Any CPU = Debug|Any CPU
		Release|Any CPU = Release|Any CPU
	EndGlobalSection
	GlobalSection(ProjectConfigurationPlatforms) = postSolution
		{0D164411-70DE-40E6-8618-A5422F598710}.Debug|Any CPU.ActiveCfg = Debug|Any CPU
		{0D164411-70DE-40E6-8618-A5422F598710}.Debug|Any CPU.Build.0 = Debug|Any CPU
		{0D164411-70DE-40E6-8618-A5422F598710}.Release|Any CPU.ActiveCfg = Release|Any CPU
		{0D164411-70DE-40E6-8618-A5422F598710}.Release|Any CPU.Build.0 = Release|Any CPU
	EndGlobalSection
	GlobalSection(SolutionProperties) = preSolution
		HideSolutionNode = FALSE
	EndGlobalSection
	GlobalSection(ExtensibilityGlobals) = postSolution
		SolutionGuid = {8BA95AC8-0728-452C-BFE2-D305A63D9B40}
	EndGlobalSection
EndGlobal
